
Microsoft Visual Studio Solution File, Format Version 12.00
# Visual Studio Version 17
VisualStudioVersion = 17.8.34322.80
MinimumVisualStudioVersion = 10.0.40219.1
Project("{9A19103F-16F7-4668-BE54-9A1E7A4F7556}") = "hellopluginassembly", "hellopluginassembly\hellopluginassembly.csproj", "{ACB0AB8C-4CC9-4762-B3B6-85EBB93DCE67}"
EndProject
Global
	GlobalSection(SolutionConfigurationPlatforms) = preSolution
		Debug|Any CPU = Debug|Any CPU
		Release|Any CPU = Release|Any CPU
	EndGlobalSection
	GlobalSection(ProjectConfigurationPlatforms) = postSolution
		{ACB0AB8C-4CC9-4762-B3B6-85EBB93DCE67}.Debug|Any CPU.ActiveCfg = Debug|Any CPU
		{ACB0AB8C-4CC9-4762-B3B6-85EBB93DCE67}.Debug|Any CPU.Build.0 = Debug|Any CPU
		{ACB0AB8C-4CC9-4762-B3B6-85EBB93DCE67}.Release|Any CPU.ActiveCfg = Release|Any CPU
		{ACB0AB8C-4CC9-4762-B3B6-85EBB93DCE67}.Release|Any CPU.Build.0 = Release|Any CPU
	EndGlobalSection
	GlobalSection(SolutionProperties) = preSolution
		HideSolutionNode = FALSE
	EndGlobalSection
	GlobalSection(ExtensibilityGlobals) = postSolution
		SolutionGuid = {EC407003-6EFB-4AD4-8BBE-76819CE5ADA2}
	EndGlobalSection
EndGlobal
