
Microsoft Visual Studio Solution File, Format Version 12.00
# Visual Studio Version 17
VisualStudioVersion = 17.8.34322.80
MinimumVisualStudioVersion = 10.0.40219.1
Project("{9A19103F-16F7-4668-BE54-9A1E7A4F7556}") = "firstplugins", "firstplugins\firstplugins.csproj", "{D775758D-BFC3-4D89-AB45-E44B57239F53}"
EndProject
Global
	GlobalSection(SolutionConfigurationPlatforms) = preSolution
		Debug|Any CPU = Debug|Any CPU
		Release|Any CPU = Release|Any CPU
	EndGlobalSection
	GlobalSection(ProjectConfigurationPlatforms) = postSolution
		{D775758D-BFC3-4D89-AB45-E44B57239F53}.Debug|Any CPU.ActiveCfg = Debug|Any CPU
		{D775758D-BFC3-4D89-AB45-E44B57239F53}.Debug|Any CPU.Build.0 = Debug|Any CPU
		{D775758D-BFC3-4D89-AB45-E44B57239F53}.Release|Any CPU.ActiveCfg = Release|Any CPU
		{D775758D-BFC3-4D89-AB45-E44B57239F53}.Release|Any CPU.Build.0 = Release|Any CPU
	EndGlobalSection
	GlobalSection(SolutionProperties) = preSolution
		HideSolutionNode = FALSE
	EndGlobalSection
	GlobalSection(ExtensibilityGlobals) = postSolution
		SolutionGuid = {EC407003-6EFB-4AD4-8BBE-76819CE5ADA2}
	EndGlobalSection
EndGlobal
